PODS:
  - Alamofire (4.9.0)
  - AlamofireImage (3.5.2):
    - Alamofire (~> 4.8)

DEPENDENCIES:
  - Alamofire (~> 4.7)
  - AlamofireImage (~> 3.5)

SPEC REPOS:
  https://cdn.cocoapods.org/:
    - Alamofire
    - AlamofireImage

SPEC CHECKSUMS:
  Alamofire: afc3e7c6db61476cb45cdd23fed06bad03bbc321
  AlamofireImage: 63cfe3baf1370be6c498149687cf6db3e3b00999

PODFILE CHECKSUM: acab6820652ccb7f5879739d5b2dcfc7e0bfc658

COCOAPODS: 1.8.1
